
Microsoft Visual Studio Solution File, Format Version 11.00
# Visual Studio 2010
Project("{FAE04EC0-301F-11D3-BF4B-00C04F79EFBC}") = "Encrypting_Query_String", "Encrypting_Query_String\Encrypting_Query_String.csproj", "{CA7CDDD3-F8FC-4D55-A381-8CBE2CC7504B}"
EndProject
Global
	GlobalSection(SolutionConfigurationPlatforms) = preSolution
		Debug|Any CPU = Debug|Any CPU
		Release|Any CPU = Release|Any CPU
	EndGlobalSection
	GlobalSection(ProjectConfigurationPlatforms) = postSolution
		{CA7CDDD3-F8FC-4D55-A381-8CBE2CC7504B}.Debug|Any CPU.ActiveCfg = Debug|Any CPU
		{CA7CDDD3-F8FC-4D55-A381-8CBE2CC7504B}.Debug|Any CPU.Build.0 = Debug|Any CPU
		{CA7CDDD3-F8FC-4D55-A381-8CBE2CC7504B}.Release|Any CPU.ActiveCfg = Release|Any CPU
		{CA7CDDD3-F8FC-4D55-A381-8CBE2CC7504B}.Release|Any CPU.Build.0 = Release|Any CPU
	EndGlobalSection
	GlobalSection(SolutionProperties) = preSolution
		HideSolutionNode = FALSE
	EndGlobalSection
EndGlobal
